// !$*UTF8*$!
{
	archiveVersion = 1;
	classes = {
	};
	objectVersion = 50;
	objects = {

/* Begin PBXBuildFile section */
		3B89BF8426EA66600010039D /* AppDelegate.swift in Sources */ = {isa = PBXBuildFile; fileRef = 3B89BF8326EA66600010039D /* AppDelegate.swift */; };
		3B89BF8626EA66600010039D /* SceneDelegate.swift in Sources */ = {isa = PBXBuildFile; fileRef = 3B89BF8526EA66600010039D /* SceneDelegate.swift */; };
		3B89BF8826EA66600010039D /* ViewController.swift in Sources */ = {isa = PBXBuildFile; fileRef = 3B89BF8726EA66600010039D /* ViewController.swift */; };
		3B89BF8B26EA66600010039D /* Main.storyboard in Resources */ = {isa = PBXBuildFile; fileRef = 3B89BF8926EA66600010039D /* Main.storyboard */; };
		3B89BF8D26EA66660010039D /* Assets.xcassets in Resources */ = {isa = PBXBuildFile; fileRef = 3B89BF8C26EA66660010039D /* Assets.xcassets */; };
		3B89BF9026EA66660010039D /* LaunchScreen.storyboard in Resources */ = {isa = PBXBuildFile; fileRef = 3B89BF8E26EA66660010039D /* LaunchScreen.storyboard */; };
		7DCD9B0FC8E32468179739D9 /* Pods_rxSwiftExample.framework in Frameworks */ = {isa = PBXBuildFile; fileRef = AC7FBC7BBAA6713C8CD4E523 /* Pods_rxSwiftExample.framework */; };
/* End PBXBuildFile section */

/* Begin PBXFileReference section */
		3B89BF8026EA66600010039D /* rxSwiftExample.app */ = {isa = PBXFileReference; explicitFileType = wrapper.application; includeInIndex = 0; path = rxSwiftExample.app; sourceTree = BUILT_PRODUCTS_DIR; };
		3B89BF8326EA66600010039D /* AppDelegate.swift */ = {isa = PBXFileReference; lastKnownFileType = sourcecode.swift; path = AppDelegate.swift; sourceTree = "<group>"; };
		3B89BF8526EA66600010039D /* SceneDelegate.swift */ = {isa = PBXFileReference; lastKnownFileType = sourcecode.swift; path = SceneDelegate.swift; sourceTree = "<group>"; };
		3B89BF8726EA66600010039D /* ViewController.swift */ = {isa = PBXFileReference; lastKnownFileType = sourcecode.swift; path = ViewController.swift; sourceTree = "<group>"; };
		3B89BF8A26EA66600010039D /* Base */ = {isa = PBXFileReference; lastKnownFileType = file.storyboard; name = Base; path = Base.lproj/Main.storyboard; sourceTree = "<group>"; };
		3B89BF8C26EA66660010039D /* Assets.xcassets */ = {isa = PBXFileReference; lastKnownFileType = folder.assetcatalog; path = Assets.xcassets; sourceTree = "<group>"; };
		3B89BF8F26EA66660010039D /* Base */ = {isa = PBXFileReference; lastKnownFileType = file.storyboard; name = Base; path = Base.lproj/LaunchScreen.storyboard; sourceTree = "<group>"; };
		3B89BF9126EA66660010039D /* Info.plist */ = {isa = PBXFileReference; lastKnownFileType = text.plist.xml; path = Info.plist; sourceTree = "<group>"; };
		3BC9ECECC7AD773CE5F3AAC1 /* Pods-rxSwiftExample.release.xcconfig */ = {isa = PBXFileReference; includeInIndex = 1; lastKnownFileType = text.xcconfig; name = "Pods-rxSwiftExample.release.xcconfig"; path = "Target Support Files/Pods-rxSwiftExample/Pods-rxSwiftExample.release.xcconfig"; sourceTree = "<group>"; };
		830E3FDD23281E241544A7C0 /* Pods-rxSwiftExample.debug.xcconfig */ = {isa = PBXFileReference; includeInIndex = 1; lastKnownFileType = text.xcconfig; name = "Pods-rxSwiftExample.debug.xcconfig"; path = "Target Support Files/Pods-rxSwiftExample/Pods-rxSwiftExample.debug.xcconfig"; sourceTree = "<group>"; };
		AC7FBC7BBAA6713C8CD4E523 /* Pods_rxSwiftExample.framework */ = {isa = PBXFileReference; explicitFileType = wrapper.framework; includeInIndex = 0; path = Pods_rxSwiftExample.framework; sourceTree = BUILT_PRODUCTS_DIR; };
/* End PBXFileReference section */

/* Begin PBXFrameworksBuildPhase section */
		3B89BF7D26EA66600010039D /* Frameworks */ = {
			isa = PBXFrameworksBuildPhase;
			buildActionMask = 2147483647;
			files = (
				7DCD9B0FC8E32468179739D9 /* Pods_rxSwiftExample.framework in Frameworks */,
			);
			runOnlyForDeploymentPostprocessing = 0;
		};
/* End PBXFrameworksBuildPhase section */

/* Begin PBXGroup section */
		101D672C2811141A447BAA5A /* Pods */ = {
			isa = PBXGroup;
			children = (
				830E3FDD23281E241544A7C0 /* Pods-rxSwiftExample.debug.xcconfig */,
				3BC9ECECC7AD773CE5F3AAC1 /* Pods-rxSwiftExample.release.xcconfig */,
			);
			name = Pods;
			path = Pods;
			sourceTree = "<group>";
		};
		3B89BF7726EA66600010039D = {
			isa = PBXGroup;
			children = (
				3B89BF8226EA66600010039D /* rxSwiftExample */,
				3B89BF8126EA66600010039D /* Products */,
				101D672C2811141A447BAA5A /* Pods */,
				D08F56B11733499BF86D99E1 /* Frameworks */,
			);
			sourceTree = "<group>";
		};
		3B89BF8126EA66600010039D /* Products */ = {
			isa = PBXGroup;
			children = (
				3B89BF8026EA66600010039D /* rxSwiftExample.app */,
			);
			name = Products;
			sourceTree = "<group>";
		};
		3B89BF8226EA66600010039D /* rxSwiftExample */ = {
			isa = PBXGroup;
			children = (
				3B89BF8326EA66600010039D /* AppDelegate.swift */,
				3B89BF8526EA66600010039D /* SceneDelegate.swift */,
				3B89BF8726EA66600010039D /* ViewController.swift */,
				3B89BF8926EA66600010039D /* Main.storyboard */,
				3B89BF8C26EA66660010039D /* Assets.xcassets */,
				3B89BF8E26EA66660010039D /* LaunchScreen.storyboard */,
				3B89BF9126EA66660010039D /* Info.plist */,
			);
			path = rxSwiftExample;
			sourceTree = "<group>";
		};
		D08F56B11733499BF86D99E1 /* Frameworks */ = {
			isa = PBXGroup;
			children = (
				AC7FBC7BBAA6713C8CD4E523 /* Pods_rxSwiftExample.framework */,
			);
			name = Frameworks;
			sourceTree = "<group>";
		};
/* End PBXGroup section */

/* Begin PBXNativeTarget section */
		3B89BF7F26EA66600010039D /* rxSwiftExample */ = {
			isa = PBXNativeTarget;
			buildConfigurationList = 3B89BF9426EA66660010039D /* Build configuration list for PBXNativeTarget "rxSwiftExample" */;
			buildPhases = (
				2B8B23ED2FF0046FD2EDB198 /* [CP] Check Pods Manifest.lock */,
				3B89BF7C26EA66600010039D /* Sources */,
				3B89BF7D26EA66600010039D /* Frameworks */,
				3B89BF7E26EA66600010039D /* Resources */,
				45947299E27FEF71341C7642 /* [CP] Embed Pods Frameworks */,
			);
			buildRules = (
			);
			dependencies = (
			);
			name = rxSwiftExample;
			productName = rxSwiftExample;
			productReference = 3B89BF8026EA66600010039D /* rxSwiftExample.app */;
			productType = "com.apple.product-type.application";
		};
/* End PBXNativeTarget section */

/* Begin PBXProject section */
		3B89BF7826EA66600010039D /* Project object */ = {
			isa = PBXProject;
			attributes = {
				LastSwiftUpdateCheck = 1250;
				LastUpgradeCheck = 1250;
				TargetAttributes = {
					3B89BF7F26EA66600010039D = {
						CreatedOnToolsVersion = 12.5;
					};
				};
			};
			buildConfigurationList = 3B89BF7B26EA66600010039D /* Build configuration list for PBXProject "rxSwiftExample" */;
			compatibilityVersion = "Xcode 9.3";
			developmentRegion = en;
			hasScannedForEncodings = 0;
			knownRegions = (
				en,
				Base,
			);
			mainGroup = 3B89BF7726EA66600010039D;
			productRefGroup = 3B89BF8126EA66600010039D /* Products */;
			projectDirPath = "";
			projectRoot = "";
			targets = (
				3B89BF7F26EA66600010039D /* rxSwiftExample */,
			);
		};
/* End PBXProject section */

/* Begin PBXResourcesBuildPhase section */
		3B89BF7E26EA66600010039D /* Resources */ = {
			isa = PBXResourcesBuildPhase;
			buildActionMask = 2147483647;
			files = (
				3B89BF9026EA66660010039D /* LaunchScreen.storyboard in Resources */,
				3B89BF8D26EA66660010039D /* Assets.xcassets in Resources */,
				3B89BF8B26EA66600010039D /* Main.storyboard in Resources */,
			);
			runOnlyForDeploymentPostprocessing = 0;
		};
/* End PBXResourcesBuildPhase section */

/* Begin PBXShellScriptBuildPhase section */
		2B8B23ED2FF0046FD2EDB198 /* [CP] Check Pods Manifest.lock */ = {
			isa = PBXShellScriptBuildPhase;
			buildActionMask = 2147483647;
			files = (
			);
			inputFileListPaths = (
			);
			inputPaths = (
				"${PODS_PODFILE_DIR_PATH}/Podfile.lock",
				"${PODS_ROOT}/Manifest.lock",
			);
			name = "[CP] Check Pods Manifest.lock";
			outputFileListPaths = (
			);
			outputPaths = (
				"$(DERIVED_FILE_DIR)/Pods-rxSwiftExample-checkManifestLockResult.txt",
			);
			runOnlyForDeploymentPostprocessing = 0;
			shellPath = /bin/sh;
			shellScript = "diff \"${PODS_PODFILE_DIR_PATH}/Podfile.lock\" \"${PODS_ROOT}/Manifest.lock\" > /dev/null\nif [ $? != 0 ] ; then\n    # print error to STDERR\n    echo \"error: The sandbox is not in sync with the Podfile.lock. Run 'pod install' or update your CocoaPods installation.\" >&2\n    exit 1\nfi\n# This output is used by Xcode 'outputs' to avoid re-running this script phase.\necho \"SUCCESS\" > \"${SCRIPT_OUTPUT_FILE_0}\"\n";
			showEnvVarsInLog = 0;
		};
		45947299E27FEF71341C7642 /* [CP] Embed Pods Frameworks */ = {
			isa = PBXShellScriptBuildPhase;
			buildActionMask = 2147483647;
			files = (
			);
			inputFileListPaths = (
				"${PODS_ROOT}/Target Support Files/Pods-rxSwiftExample/Pods-rxSwiftExample-frameworks-${CONFIGURATION}-input-files.xcfilelist",
			);
			name = "[CP] Embed Pods Frameworks";
			outputFileListPaths = (
				"${PODS_ROOT}/Target Support Files/Pods-rxSwiftExample/Pods-rxSwiftExample-frameworks-${CONFIGURATION}-output-files.xcfilelist",
			);
			runOnlyForDeploymentPostprocessing = 0;
			shellPath = /bin/sh;
			shellScript = "\"${PODS_ROOT}/Target Support Files/Pods-rxSwiftExample/Pods-rxSwiftExample-frameworks.sh\"\n";
			showEnvVarsInLog = 0;
		};
/* End PBXShellScriptBuildPhase section */

/* Begin PBXSourcesBuildPhase section */
		3B89BF7C26EA66600010039D /* Sources */ = {
			isa = PBXSourcesBuildPhase;
			buildActionMask = 2147483647;
			files = (
				3B89BF8826EA66600010039D /* ViewController.swift in Sources */,
				3B89BF8426EA66600010039D /* AppDelegate.swift in Sources */,
				3B89BF8626EA66600010039D /* SceneDelegate.swift in Sources */,
			);
			runOnlyForDeploymentPostprocessing = 0;
		};
/* End PBXSourcesBuildPhase section */

/* Begin PBXVariantGroup section */
		3B89BF8926EA66600010039D /* Main.storyboard */ = {
			isa = PBXVariantGroup;
			children = (
				3B89BF8A26EA66600010039D /* Base */,
			);
			name = Main.storyboard;
			sourceTree = "<group>";
		};
		3B89BF8E26EA66660010039D /* LaunchScreen.storyboard */ = {
			isa = PBXVariantGroup;
			children = (
				3B89BF8F26EA66660010039D /* Base */,
			);
			name = LaunchScreen.storyboard;
			sourceTree = "<group>";
		};
/* End PBXVariantGroup section */

/* Begin XCBuildConfiguration section */
		3B89BF9226EA66660010039D /* Debug */ = {
			isa = XCBuildConfiguration;
			buildSettings = {
				ALWAYS_SEARCH_USER_PATHS = NO;
				CLANG_ANALYZER_NONNULL = YES;
				CLANG_ANALYZER_NUMBER_OBJECT_CONVERSION = YES_AGGRESSIVE;
				CLANG_CXX_LANGUAGE_STANDARD = "gnu++14";
				CLANG_CXX_LIBRARY = "libc++";
				CLANG_ENABLE_MODULES = YES;
				CLANG_ENABLE_OBJC_ARC = YES;
				CLANG_ENABLE_OBJC_WEAK = YES;
				CLANG_WARN_BLOCK_CAPTURE_AUTORELEASING = YES;
				CLANG_WARN_BOOL_CONVERSION = YES;
				CLANG_WARN_COMMA = YES;
				CLANG_WARN_CONSTANT_CONVERSION = YES;
				CLANG_WARN_DEPRECATED_OBJC_IMPLEMENTATIONS = YES;
				CLANG_WARN_DIRECT_OBJC_ISA_USAGE = YES_ERROR;
				CLANG_WARN_DOCUMENTATION_COMMENTS = YES;
				CLANG_WARN_EMPTY_BODY = YES;
				CLANG_WARN_ENUM_CONVERSION = YES;
				CLANG_WARN_INFINITE_RECURSION = YES;
				CLANG_WARN_INT_CONVERSION = YES;
				CLANG_WARN_NON_LITERAL_NULL_CONVERSION = YES;
				CLANG_WARN_OBJC_IMPLICIT_RETAIN_SELF = YES;
				CLANG_WARN_OBJC_LITERAL_CONVERSION = YES;
				CLANG_WARN_OBJC_ROOT_CLASS = YES_ERROR;
				CLANG_WARN_QUOTED_INCLUDE_IN_FRAMEWORK_HEADER = YES;
				CLANG_WARN_RANGE_LOOP_ANALYSIS = YES;
				CLANG_WARN_STRICT_PROTOTYPES = YES;
				CLANG_WARN_SUSPICIOUS_MOVE = YES;
				CLANG_WARN_UNGUARDED_AVAILABILITY = YES_AGGRESSIVE;
				CLANG_WARN_UNREACHABLE_CODE = YES;
				CLANG_WARN__DUPLICATE_METHOD_MATCH = YES;
				COPY_PHASE_STRIP = NO;
				DEBUG_INFORMATION_FORMAT = dwarf;
				ENABLE_STRICT_OBJC_MSGSEND = YES;
				ENABLE_TESTABILITY = YES;
				GCC_C_LANGUAGE_STANDARD = gnu11;
				GCC_DYNAMIC_NO_PIC = NO;
				GCC_NO_COMMON_BLOCKS = YES;
				GCC_OPTIMIZATION_LEVEL = 0;
				GCC_PREPROCESSOR_DEFINITIONS = (
					"DEBUG=1",
					"$(inherited)",
				);
				GCC_WARN_64_TO_32_BIT_CONVERSION = YES;
				GCC_WARN_ABOUT_RETURN_TYPE = YES_ERROR;
				GCC_WARN_UNDECLARED_SELECTOR = YES;
				GCC_WARN_UNINITIALIZED_AUTOS = YES_AGGRESSIVE;
				GCC_WARN_UNUSED_FUNCTION = YES;
				GCC_WARN_UNUSED_VARIABLE = YES;
				IPHONEOS_DEPLOYMENT_TARGET = 14.5;
				MTL_ENABLE_DEBUG_INFO = INCLUDE_SOURCE;
				MTL_FAST_MATH = YES;
				ONLY_ACTIVE_ARCH = YES;
				SDKROOT = iphoneos;
				SWIFT_ACTIVE_COMPILATION_CONDITIONS = DEBUG;
				SWIFT_OPTIMIZATION_LEVEL = "-Onone";
			};
			name = Debug;
		};
		3B89BF9326EA66660010039D /* Release */ = {
			isa = XCBuildConfiguration;
			buildSettings = {
				ALWAYS_SEARCH_USER_PATHS = NO;
				CLANG_ANALYZER_NONNULL = YES;
				CLANG_ANALYZER_NUMBER_OBJECT_CONVERSION = YES_AGGRESSIVE;
				CLANG_CXX_LANGUAGE_STANDARD = "gnu++14";
				CLANG_CXX_LIBRARY = "libc++";
				CLANG_ENABLE_MODULES = YES;
				CLANG_ENABLE_OBJC_ARC = YES;
				CLANG_ENABLE_OBJC_WEAK = YES;
				CLANG_WARN_BLOCK_CAPTURE_AUTORELEASING = YES;
				CLANG_WARN_BOOL_CONVERSION = YES;
				CLANG_WARN_COMMA = YES;
				CLANG_WARN_CONSTANT_CONVERSION = YES;
				CLANG_WARN_DEPRECATED_OBJC_IMPLEMENTATIONS = YES;
				CLANG_WARN_DIRECT_OBJC_ISA_USAGE = YES_ERROR;
				CLANG_WARN_DOCUMENTATION_COMMENTS = YES;
				CLANG_WARN_EMPTY_BODY = YES;
				CLANG_WARN_ENUM_CONVERSION = YES;
				CLANG_WARN_INFINITE_RECURSION = YES;
				CLANG_WARN_INT_CONVERSION = YES;
				CLANG_WARN_NON_LITERAL_NULL_CONVERSION = YES;
				CLANG_WARN_OBJC_IMPLICIT_RETAIN_SELF = YES;
				CLANG_WARN_OBJC_LITERAL_CONVERSION = YES;
				CLANG_WARN_OBJC_ROOT_CLASS = YES_ERROR;
				CLANG_WARN_QUOTED_INCLUDE_IN_FRAMEWORK_HEADER = YES;
				CLANG_WARN_RANGE_LOOP_ANALYSIS = YES;
				CLANG_WARN_STRICT_PROTOTYPES = YES;
				CLANG_WARN_SUSPICIOUS_MOVE = YES;
				CLANG_WARN_UNGUARDED_AVAILABILITY = YES_AGGRESSIVE;
				CLANG_WARN_UNREACHABLE_CODE = YES;
				CLANG_WARN__DUPLICATE_METHOD_MATCH = YES;
				COPY_PHASE_STRIP = NO;
				DEBUG_INFORMATION_FORMAT = "dwarf-with-dsym";
				ENABLE_NS_ASSERTIONS = NO;
				ENABLE_STRICT_OBJC_MSGSEND = YES;
				GCC_C_LANGUAGE_STANDARD = gnu11;
				GCC_NO_COMMON_BLOCKS = YES;
				GCC_WARN_64_TO_32_BIT_CONVERSION = YES;
				GCC_WARN_ABOUT_RETURN_TYPE = YES_ERROR;
				GCC_WARN_UNDECLARED_SELECTOR = YES;
				GCC_WARN_UNINITIALIZED_AUTOS = YES_AGGRESSIVE;
				GCC_WARN_UNUSED_FUNCTION = YES;
				GCC_WARN_UNUSED_VARIABLE = YES;
				IPHONEOS_DEPLOYMENT_TARGET = 14.5;
				MTL_ENABLE_DEBUG_INFO = NO;
				MTL_FAST_MATH = YES;
				SDKROOT = iphoneos;
				SWIFT_COMPILATION_MODE = wholemodule;
				SWIFT_OPTIMIZATION_LEVEL = "-O";
				VALIDATE_PRODUCT = YES;
			};
			name = Release;
		};
		3B89BF9526EA66660010039D /* Debug */ = {
			isa = XCBuildConfiguration;
			baseConfigurationReference = 830E3FDD23281E241544A7C0 /* Pods-rxSwiftExample.debug.xcconfig */;
			buildSettings = {
				ASSETCATALOG_COMPILER_APPICON_NAME = AppIcon;
				ASSETCATALOG_COMPILER_GLOBAL_ACCENT_COLOR_NAME = AccentColor;
				CODE_SIGN_STYLE = Automatic;
				DEVELOPMENT_TEAM = 2U49T83TPH;
				INFOPLIST_FILE = rxSwiftExample/Info.plist;
				LD_RUNPATH_SEARCH_PATHS = (
					"$(inherited)",
					"@executable_path/Frameworks",
				);
				PRODUCT_BUNDLE_IDENTIFIER = diego.self.rxSwiftExample;
				PRODUCT_NAME = "$(TARGET_NAME)";
				SWIFT_VERSION = 5.0;
				TARGETED_DEVICE_FAMILY = "1,2";
			};
			name = Debug;
		};
		3B89BF9626EA66660010039D /* Release */ = {
			isa = XCBuildConfiguration;
			baseConfigurationReference = 3BC9ECECC7AD773CE5F3AAC1 /* Pods-rxSwiftExample.release.xcconfig */;
			buildSettings = {
				ASSETCATALOG_COMPILER_APPICON_NAME = AppIcon;
				ASSETCATALOG_COMPILER_GLOBAL_ACCENT_COLOR_NAME = AccentColor;
				CODE_SIGN_STYLE = Automatic;
				DEVELOPMENT_TEAM = 2U49T83TPH;
				INFOPLIST_FILE = rxSwiftExample/Info.plist;
				LD_RUNPATH_SEARCH_PATHS = (
					"$(inherited)",
					"@executable_path/Frameworks",
				);
				PRODUCT_BUNDLE_IDENTIFIER = diego.self.rxSwiftExample;
				PRODUCT_NAME = "$(TARGET_NAME)";
				SWIFT_VERSION = 5.0;
				TARGETED_DEVICE_FAMILY = "1,2";
			};
			name = Release;
		};
/* End XCBuildConfiguration section */

/* Begin XCConfigurationList section */
		3B89BF7B26EA66600010039D /* Build configuration list for PBXProject "rxSwiftExample" */ = {
			isa = XCConfigurationList;
			buildConfigurations = (
				3B89BF9226EA66660010039D /* Debug */,
				3B89BF9326EA66660010039D /* Release */,
			);
			defaultConfigurationIsVisible = 0;
			defaultConfigurationName = Release;
		};
		3B89BF9426EA66660010039D /* Build configuration list for PBXNativeTarget "rxSwiftExample" */ = {
			isa = XCConfigurationList;
			buildConfigurations = (
				3B89BF9526EA66660010039D /* Debug */,
				3B89BF9626EA66660010039D /* Release */,
			);
			defaultConfigurationIsVisible = 0;
			defaultConfigurationName = Release;
		};
/* End XCConfigurationList section */
	};
	rootObject = 3B89BF7826EA66600010039D /* Project object */;
}
